
Microsoft Visual Studio Solution File, Format Version 12.00
# Visual Studio 15
Project("{FAE04EC0-301F-11D3-BF4B-00C04F79EFBC}") = "Bookstore", "Bookstore\Bookstore.csproj", "{4AD1A685-5E9B-45B1-8F3E-DE290C28181B}"
EndProject
Project("{FAE04EC0-301F-11D3-BF4B-00C04F79EFBC}") = "Bookstore.UnitTest", "Bookstore.UnitTest\Bookstore.UnitTest.csproj", "{2B76845A-3E2B-487F-8561-B3C1DC0889BB}"
EndProject
Project("{FAE04EC0-301F-11D3-BF4B-00C04F79EFBC}") = "CustomSerializer", "CustomSerializer\CustomSerializer.csproj", "{4830CE72-6F9B-4B37-89D8-5CCBAAD5FEE1}"
EndProject
Project("{FAE04EC0-301F-11D3-BF4B-00C04F79EFBC}") = "Serializer.UnitTest", "Serializer.UnitTest\Serializer.UnitTest.csproj", "{9D9527FF-2BC3-4692-A475-0EF8E03CAD54}"
EndProject
Project("{FAE04EC0-301F-11D3-BF4B-00C04F79EFBC}") = "Program", "Program\Program.csproj", "{3B481ED9-F604-4E9E-9B80-6962547C186E}"
EndProject
Global
	GlobalSection(SolutionConfigurationPlatforms) = preSolution
		Debug|Any CPU = Debug|Any CPU
		Release|Any CPU = Release|Any CPU
	EndGlobalSection
	GlobalSection(ProjectConfigurationPlatforms) = postSolution
		{4AD1A685-5E9B-45B1-8F3E-DE290C28181B}.Debug|Any CPU.ActiveCfg = Debug|Any CPU
		{4AD1A685-5E9B-45B1-8F3E-DE290C28181B}.Debug|Any CPU.Build.0 = Debug|Any CPU
		{4AD1A685-5E9B-45B1-8F3E-DE290C28181B}.Release|Any CPU.ActiveCfg = Release|Any CPU
		{4AD1A685-5E9B-45B1-8F3E-DE290C28181B}.Release|Any CPU.Build.0 = Release|Any CPU
		{2B76845A-3E2B-487F-8561-B3C1DC0889BB}.Debug|Any CPU.ActiveCfg = Debug|Any CPU
		{2B76845A-3E2B-487F-8561-B3C1DC0889BB}.Debug|Any CPU.Build.0 = Debug|Any CPU
		{2B76845A-3E2B-487F-8561-B3C1DC0889BB}.Release|Any CPU.ActiveCfg = Release|Any CPU
		{2B76845A-3E2B-487F-8561-B3C1DC0889BB}.Release|Any CPU.Build.0 = Release|Any CPU
		{4830CE72-6F9B-4B37-89D8-5CCBAAD5FEE1}.Debug|Any CPU.ActiveCfg = Debug|Any CPU
		{4830CE72-6F9B-4B37-89D8-5CCBAAD5FEE1}.Debug|Any CPU.Build.0 = Debug|Any CPU
		{4830CE72-6F9B-4B37-89D8-5CCBAAD5FEE1}.Release|Any CPU.ActiveCfg = Release|Any CPU
		{4830CE72-6F9B-4B37-89D8-5CCBAAD5FEE1}.Release|Any CPU.Build.0 = Release|Any CPU
		{9D9527FF-2BC3-4692-A475-0EF8E03CAD54}.Debug|Any CPU.ActiveCfg = Debug|Any CPU
		{9D9527FF-2BC3-4692-A475-0EF8E03CAD54}.Debug|Any CPU.Build.0 = Debug|Any CPU
		{9D9527FF-2BC3-4692-A475-0EF8E03CAD54}.Release|Any CPU.ActiveCfg = Release|Any CPU
		{9D9527FF-2BC3-4692-A475-0EF8E03CAD54}.Release|Any CPU.Build.0 = Release|Any CPU
		{3B481ED9-F604-4E9E-9B80-6962547C186E}.Debug|Any CPU.ActiveCfg = Debug|Any CPU
		{3B481ED9-F604-4E9E-9B80-6962547C186E}.Debug|Any CPU.Build.0 = Debug|Any CPU
		{3B481ED9-F604-4E9E-9B80-6962547C186E}.Release|Any CPU.ActiveCfg = Release|Any CPU
		{3B481ED9-F604-4E9E-9B80-6962547C186E}.Release|Any CPU.Build.0 = Release|Any CPU
	EndGlobalSection
EndGlobal
