
Microsoft Visual Studio Solution File, Format Version 12.00
# Visual Studio 15
Project("{FAE04EC0-301F-11D3-BF4B-00C04F79EFBC}") = "part_one", "part_one\part_one.csproj", "{4B0B27DC-72A5-4465-94D4-A6B9C2982CD3}"
EndProject
Project("{FAE04EC0-301F-11D3-BF4B-00C04F79EFBC}") = "part_one_test", "part_one_test\part_one_test.csproj", "{A02E8BA6-D4BD-4A33-808A-004C9ED23C8D}"
EndProject
Project("{FAE04EC0-301F-11D3-BF4B-00C04F79EFBC}") = "part_two", "part_two\part_two.csproj", "{8FD63BD7-4537-4555-863F-4FF14CB7C6FE}"
EndProject
Project("{FAE04EC0-301F-11D3-BF4B-00C04F79EFBC}") = "part_two_test", "part_two_test\part_two_test.csproj", "{AA1EEADF-1B61-400B-82D3-509F63652C6C}"
EndProject
Project("{FAE04EC0-301F-11D3-BF4B-00C04F79EFBC}") = "part_three_test", "part_three_test\part_three_test.csproj", "{AA5130BF-A78B-4B94-99F8-0A8F420A7E17}"
EndProject
Global
	GlobalSection(SolutionConfigurationPlatforms) = preSolution
		Debug|Any CPU = Debug|Any CPU
		Release|Any CPU = Release|Any CPU
	EndGlobalSection
	GlobalSection(ProjectConfigurationPlatforms) = postSolution
		{4B0B27DC-72A5-4465-94D4-A6B9C2982CD3}.Debug|Any CPU.ActiveCfg = Debug|Any CPU
		{4B0B27DC-72A5-4465-94D4-A6B9C2982CD3}.Debug|Any CPU.Build.0 = Debug|Any CPU
		{4B0B27DC-72A5-4465-94D4-A6B9C2982CD3}.Release|Any CPU.ActiveCfg = Release|Any CPU
		{4B0B27DC-72A5-4465-94D4-A6B9C2982CD3}.Release|Any CPU.Build.0 = Release|Any CPU
		{A02E8BA6-D4BD-4A33-808A-004C9ED23C8D}.Debug|Any CPU.ActiveCfg = Debug|Any CPU
		{A02E8BA6-D4BD-4A33-808A-004C9ED23C8D}.Debug|Any CPU.Build.0 = Debug|Any CPU
		{A02E8BA6-D4BD-4A33-808A-004C9ED23C8D}.Release|Any CPU.ActiveCfg = Release|Any CPU
		{A02E8BA6-D4BD-4A33-808A-004C9ED23C8D}.Release|Any CPU.Build.0 = Release|Any CPU
		{8FD63BD7-4537-4555-863F-4FF14CB7C6FE}.Debug|Any CPU.ActiveCfg = Debug|Any CPU
		{8FD63BD7-4537-4555-863F-4FF14CB7C6FE}.Debug|Any CPU.Build.0 = Debug|Any CPU
		{8FD63BD7-4537-4555-863F-4FF14CB7C6FE}.Release|Any CPU.ActiveCfg = Release|Any CPU
		{8FD63BD7-4537-4555-863F-4FF14CB7C6FE}.Release|Any CPU.Build.0 = Release|Any CPU
		{AA1EEADF-1B61-400B-82D3-509F63652C6C}.Debug|Any CPU.ActiveCfg = Debug|Any CPU
		{AA1EEADF-1B61-400B-82D3-509F63652C6C}.Debug|Any CPU.Build.0 = Debug|Any CPU
		{AA1EEADF-1B61-400B-82D3-509F63652C6C}.Release|Any CPU.ActiveCfg = Release|Any CPU
		{AA1EEADF-1B61-400B-82D3-509F63652C6C}.Release|Any CPU.Build.0 = Release|Any CPU
		{AA5130BF-A78B-4B94-99F8-0A8F420A7E17}.Debug|Any CPU.ActiveCfg = Debug|Any CPU
		{AA5130BF-A78B-4B94-99F8-0A8F420A7E17}.Debug|Any CPU.Build.0 = Debug|Any CPU
		{AA5130BF-A78B-4B94-99F8-0A8F420A7E17}.Release|Any CPU.ActiveCfg = Release|Any CPU
		{AA5130BF-A78B-4B94-99F8-0A8F420A7E17}.Release|Any CPU.Build.0 = Release|Any CPU
	EndGlobalSection
EndGlobal
